
Microsoft Visual Studio Solution File, Format Version 12.00
# Visual Studio Version 17
VisualStudioVersion = 17.0.31903.59
MinimumVisualStudioVersion = 10.0.40219.1
Project("{2150E333-8FDC-42A3-9474-1A3956D46DE8}") = "src", "src", "{F45A83E6-EAE4-4ADB-B86E-6DC4DB73720E}"
EndProject
Project("{2150E333-8FDC-42A3-9474-1A3956D46DE8}") = "backend", "backend", "{9299BA6F-6378-42BE-96CC-AC334AA70BDF}"
EndProject
Project("{FAE04EC0-301F-11D3-BF4B-00C04F79EFBC}") = "LeiaJa.Domain", "src\backend\LeiaJa.Domain\LeiaJa.Domain.csproj", "{EC6FD05E-5B6B-458D-9E8A-B0F342ED1978}"
EndProject
Project("{FAE04EC0-301F-11D3-BF4B-00C04F79EFBC}") = "LeiaJa.Application", "src\backend\LeiaJa.Application\LeiaJa.Application.csproj", "{57FA0354-1E7C-45FF-97E2-296D37CE1F9B}"
EndProject
Project("{FAE04EC0-301F-11D3-BF4B-00C04F79EFBC}") = "LeiaJa.Infrastructure", "src\backend\LeiaJa.Infrastructure\LeiaJa.Infrastructure.csproj", "{EEBF375D-92D8-4EC8-81C0-67433E0E6794}"
EndProject
Project("{FAE04EC0-301F-11D3-BF4B-00C04F79EFBC}") = "LeiaJa.Ioc", "src\backend\LeiaJa.Ioc\LeiaJa.Ioc.csproj", "{C1985F75-A905-424B-8544-1C1A0926A90E}"
EndProject
Project("{FAE04EC0-301F-11D3-BF4B-00C04F79EFBC}") = "LeiaJa.Presentation", "src\backend\LeiaJa.Presentation\LeiaJa.Presentation.csproj", "{E65A3317-078C-41DD-8860-BC654BB8DBD8}"
EndProject
Project("{2150E333-8FDC-42A3-9474-1A3956D46DE8}") = "test", "test", "{1DF64AB5-F686-481B-BEF7-FCB9FB899071}"
EndProject
Project("{2150E333-8FDC-42A3-9474-1A3956D46DE8}") = "frontend", "frontend", "{16C623A6-31E6-45C4-9F05-0CC8B9BD866D}"
EndProject
Project("{FAE04EC0-301F-11D3-BF4B-00C04F79EFBC}") = "LeiaJa.Web", "src\frontend\LeiaJa.Web\LeiaJa.Web.csproj", "{1993127E-A086-404E-B7A4-012625238F3F}"
EndProject
Project("{2150E333-8FDC-42A3-9474-1A3956D46DE8}") = "docs", "docs", "{B85C3123-951B-4528-A53F-8E2A54DA1BAA}"
	ProjectSection(SolutionItems) = preProject
		Arquitetura.md = Arquitetura.md
		API.md = API.md
		GuiaDeInstalação.md = GuiaDeInstalação.md
		ROADMAP.md = ROADMAP.md
	EndProjectSection
EndProject
Global
	GlobalSection(SolutionConfigurationPlatforms) = preSolution
		Debug|Any CPU = Debug|Any CPU
		Release|Any CPU = Release|Any CPU
	EndGlobalSection
	GlobalSection(ProjectConfigurationPlatforms) = postSolution
		{EC6FD05E-5B6B-458D-9E8A-B0F342ED1978}.Debug|Any CPU.ActiveCfg = Debug|Any CPU
		{EC6FD05E-5B6B-458D-9E8A-B0F342ED1978}.Debug|Any CPU.Build.0 = Debug|Any CPU
		{EC6FD05E-5B6B-458D-9E8A-B0F342ED1978}.Release|Any CPU.ActiveCfg = Release|Any CPU
		{EC6FD05E-5B6B-458D-9E8A-B0F342ED1978}.Release|Any CPU.Build.0 = Release|Any CPU
		{57FA0354-1E7C-45FF-97E2-296D37CE1F9B}.Debug|Any CPU.ActiveCfg = Debug|Any CPU
		{57FA0354-1E7C-45FF-97E2-296D37CE1F9B}.Debug|Any CPU.Build.0 = Debug|Any CPU
		{57FA0354-1E7C-45FF-97E2-296D37CE1F9B}.Release|Any CPU.ActiveCfg = Release|Any CPU
		{57FA0354-1E7C-45FF-97E2-296D37CE1F9B}.Release|Any CPU.Build.0 = Release|Any CPU
		{EEBF375D-92D8-4EC8-81C0-67433E0E6794}.Debug|Any CPU.ActiveCfg = Debug|Any CPU
		{EEBF375D-92D8-4EC8-81C0-67433E0E6794}.Debug|Any CPU.Build.0 = Debug|Any CPU
		{EEBF375D-92D8-4EC8-81C0-67433E0E6794}.Release|Any CPU.ActiveCfg = Release|Any CPU
		{EEBF375D-92D8-4EC8-81C0-67433E0E6794}.Release|Any CPU.Build.0 = Release|Any CPU
		{C1985F75-A905-424B-8544-1C1A0926A90E}.Debug|Any CPU.ActiveCfg = Debug|Any CPU
		{C1985F75-A905-424B-8544-1C1A0926A90E}.Debug|Any CPU.Build.0 = Debug|Any CPU
		{C1985F75-A905-424B-8544-1C1A0926A90E}.Release|Any CPU.ActiveCfg = Release|Any CPU
		{C1985F75-A905-424B-8544-1C1A0926A90E}.Release|Any CPU.Build.0 = Release|Any CPU
		{E65A3317-078C-41DD-8860-BC654BB8DBD8}.Debug|Any CPU.ActiveCfg = Debug|Any CPU
		{E65A3317-078C-41DD-8860-BC654BB8DBD8}.Debug|Any CPU.Build.0 = Debug|Any CPU
		{E65A3317-078C-41DD-8860-BC654BB8DBD8}.Release|Any CPU.ActiveCfg = Release|Any CPU
		{E65A3317-078C-41DD-8860-BC654BB8DBD8}.Release|Any CPU.Build.0 = Release|Any CPU
		{1993127E-A086-404E-B7A4-012625238F3F}.Debug|Any CPU.ActiveCfg = Debug|Any CPU
		{1993127E-A086-404E-B7A4-012625238F3F}.Debug|Any CPU.Build.0 = Debug|Any CPU
		{1993127E-A086-404E-B7A4-012625238F3F}.Release|Any CPU.ActiveCfg = Release|Any CPU
		{1993127E-A086-404E-B7A4-012625238F3F}.Release|Any CPU.Build.0 = Release|Any CPU
	EndGlobalSection
	GlobalSection(SolutionProperties) = preSolution
		HideSolutionNode = FALSE
	EndGlobalSection
	GlobalSection(NestedProjects) = preSolution
		{9299BA6F-6378-42BE-96CC-AC334AA70BDF} = {F45A83E6-EAE4-4ADB-B86E-6DC4DB73720E}
		{EC6FD05E-5B6B-458D-9E8A-B0F342ED1978} = {9299BA6F-6378-42BE-96CC-AC334AA70BDF}
		{57FA0354-1E7C-45FF-97E2-296D37CE1F9B} = {9299BA6F-6378-42BE-96CC-AC334AA70BDF}
		{EEBF375D-92D8-4EC8-81C0-67433E0E6794} = {9299BA6F-6378-42BE-96CC-AC334AA70BDF}
		{C1985F75-A905-424B-8544-1C1A0926A90E} = {9299BA6F-6378-42BE-96CC-AC334AA70BDF}
		{E65A3317-078C-41DD-8860-BC654BB8DBD8} = {9299BA6F-6378-42BE-96CC-AC334AA70BDF}
		{16C623A6-31E6-45C4-9F05-0CC8B9BD866D} = {F45A83E6-EAE4-4ADB-B86E-6DC4DB73720E}
		{1993127E-A086-404E-B7A4-012625238F3F} = {16C623A6-31E6-45C4-9F05-0CC8B9BD866D}
	EndGlobalSection
EndGlobal
