
Microsoft Visual Studio Solution File, Format Version 12.00
# Visual Studio Version 17
VisualStudioVersion = 17.0.31903.59
MinimumVisualStudioVersion = 10.0.40219.1
Project("{FAE04EC0-301F-11D3-BF4B-00C04F79EFBC}") = "Save.API", "Save.API\Save.API.csproj", "{FAD7B581-246D-439A-968B-CB7F91D5C612}"
EndProject
Project("{FAE04EC0-301F-11D3-BF4B-00C04F79EFBC}") = "Save.Wasm", "Save.Wasm\Save.Wasm.csproj", "{4A345A25-93D8-446A-8521-52E5AC75416A}"
EndProject
Project("{FAE04EC0-301F-11D3-BF4B-00C04F79EFBC}") = "Save.Server", "Save.Server\Save.Server.csproj", "{E3418862-5725-4BC9-9083-028309D6B273}"
EndProject
Global
	GlobalSection(SolutionConfigurationPlatforms) = preSolution
		Debug|Any CPU = Debug|Any CPU
		Release|Any CPU = Release|Any CPU
	EndGlobalSection
	GlobalSection(SolutionProperties) = preSolution
		HideSolutionNode = FALSE
	EndGlobalSection
	GlobalSection(ProjectConfigurationPlatforms) = postSolution
		{FAD7B581-246D-439A-968B-CB7F91D5C612}.Debug|Any CPU.ActiveCfg = Debug|Any CPU
		{FAD7B581-246D-439A-968B-CB7F91D5C612}.Debug|Any CPU.Build.0 = Debug|Any CPU
		{FAD7B581-246D-439A-968B-CB7F91D5C612}.Release|Any CPU.ActiveCfg = Release|Any CPU
		{FAD7B581-246D-439A-968B-CB7F91D5C612}.Release|Any CPU.Build.0 = Release|Any CPU
		{4A345A25-93D8-446A-8521-52E5AC75416A}.Debug|Any CPU.ActiveCfg = Debug|Any CPU
		{4A345A25-93D8-446A-8521-52E5AC75416A}.Debug|Any CPU.Build.0 = Debug|Any CPU
		{4A345A25-93D8-446A-8521-52E5AC75416A}.Release|Any CPU.ActiveCfg = Release|Any CPU
		{4A345A25-93D8-446A-8521-52E5AC75416A}.Release|Any CPU.Build.0 = Release|Any CPU
		{E3418862-5725-4BC9-9083-028309D6B273}.Debug|Any CPU.ActiveCfg = Debug|Any CPU
		{E3418862-5725-4BC9-9083-028309D6B273}.Debug|Any CPU.Build.0 = Debug|Any CPU
		{E3418862-5725-4BC9-9083-028309D6B273}.Release|Any CPU.ActiveCfg = Release|Any CPU
		{E3418862-5725-4BC9-9083-028309D6B273}.Release|Any CPU.Build.0 = Release|Any CPU
	EndGlobalSection
EndGlobal
